# THIS IS AN AUTOGENERATED FILE. DO NOT EDIT THIS FILE DIRECTLY.
# yarn lockfile v1


"@types/node@^15.0.1":
  version "15.14.7"
  resolved "https://registry.yarnpkg.com/@types/node/-/node-15.14.7.tgz#29fea9a5b14e2b75c19028e1c7a32edd1e89fe92"
  integrity sha512-FA45p37/mLhpebgbPWWCKfOisTjxGK9lwcHlJ6XVLfu3NgfcazOJHdYUZCWPMK8QX4LhNZdmfo6iMz9FqpUbaw==

typescript@^4.2.4:
  version "4.2.4"
  resolved "https://registry.yarnpkg.com/typescript/-/typescript-4.2.4.tgz#8610b59747de028fda898a8aef0e103f156d0961"
  integrity sha512-V+evlYHZnQkaz8TRBuxTA92yZBPotr5H+WhQ7bD3hZUndx5tGOa1fuCgeSjxAzM1RiN5IzvadIXTVefuuwZCRg==
